
Microsoft Visual Studio Solution File, Format Version 12.00
# Visual Studio Version 17
VisualStudioVersion = 17.4.33213.308
MinimumVisualStudioVersion = 10.0.40219.1
Project("{FAE04EC0-301F-11D3-BF4B-00C04F79EFBC}") = "ManageSchool", "ManageSchool\ManageSchool.csproj", "{92E541A0-29FE-4016-A5DF-76CF448E6BDD}"
EndProject
Global
	GlobalSection(SolutionConfigurationPlatforms) = preSolution
		Debug|Any CPU = Debug|Any CPU
		Release|Any CPU = Release|Any CPU
	EndGlobalSection
	GlobalSection(ProjectConfigurationPlatforms) = postSolution
		{92E541A0-29FE-4016-A5DF-76CF448E6BDD}.Debug|Any CPU.ActiveCfg = Debug|Any CPU
		{92E541A0-29FE-4016-A5DF-76CF448E6BDD}.Debug|Any CPU.Build.0 = Debug|Any CPU
		{92E541A0-29FE-4016-A5DF-76CF448E6BDD}.Release|Any CPU.ActiveCfg = Release|Any CPU
		{92E541A0-29FE-4016-A5DF-76CF448E6BDD}.Release|Any CPU.Build.0 = Release|Any CPU
	EndGlobalSection
	GlobalSection(SolutionProperties) = preSolution
		HideSolutionNode = FALSE
	EndGlobalSection
	GlobalSection(ExtensibilityGlobals) = postSolution
		SolutionGuid = {712A9119-354D-443C-88F7-F5FA23912AED}
	EndGlobalSection
EndGlobal
